
Microsoft Visual Studio Solution File, Format Version 12.00
# Visual Studio Version 17
VisualStudioVersion = 17.2.32630.192
MinimumVisualStudioVersion = 10.0.40219.1
Project("{9A19103F-16F7-4668-BE54-9A1E7A4F7556}") = "ConsoleApp2", "ConsoleApp2\ConsoleApp2.csproj", "{722008E4-70E3-4062-B463-CE6663CB8FD9}"
EndProject
Global
	GlobalSection(SolutionConfigurationPlatforms) = preSolution
		Debug|Any CPU = Debug|Any CPU
		Release|Any CPU = Release|Any CPU
	EndGlobalSection
	GlobalSection(ProjectConfigurationPlatforms) = postSolution
		{722008E4-70E3-4062-B463-CE6663CB8FD9}.Debug|Any CPU.ActiveCfg = Debug|Any CPU
		{722008E4-70E3-4062-B463-CE6663CB8FD9}.Debug|Any CPU.Build.0 = Debug|Any CPU
		{722008E4-70E3-4062-B463-CE6663CB8FD9}.Release|Any CPU.ActiveCfg = Release|Any CPU
		{722008E4-70E3-4062-B463-CE6663CB8FD9}.Release|Any CPU.Build.0 = Release|Any CPU
	EndGlobalSection
	GlobalSection(SolutionProperties) = preSolution
		HideSolutionNode = FALSE
	EndGlobalSection
	GlobalSection(ExtensibilityGlobals) = postSolution
		SolutionGuid = {86197593-C92C-4247-88C5-4F5BE4AD5BD1}
	EndGlobalSection
EndGlobal
